
Microsoft Visual Studio Solution File, Format Version 12.00
# Visual Studio Version 17
VisualStudioVersion = 17.3.32929.385
MinimumVisualStudioVersion = 10.0.40219.1
Project("{FAE04EC0-301F-11D3-BF4B-00C04F79EFBC}") = "BuySell", "BuySell\BuySell.csproj", "{45BC023A-C6D5-4DF6-9622-9C2DF33B900B}"
EndProject
Global
	GlobalSection(SolutionConfigurationPlatforms) = preSolution
		Debug|Any CPU = Debug|Any CPU
		Release|Any CPU = Release|Any CPU
	EndGlobalSection
	GlobalSection(ProjectConfigurationPlatforms) = postSolution
		{45BC023A-C6D5-4DF6-9622-9C2DF33B900B}.Debug|Any CPU.ActiveCfg = Debug|Any CPU
		{45BC023A-C6D5-4DF6-9622-9C2DF33B900B}.Debug|Any CPU.Build.0 = Debug|Any CPU
		{45BC023A-C6D5-4DF6-9622-9C2DF33B900B}.Release|Any CPU.ActiveCfg = Release|Any CPU
		{45BC023A-C6D5-4DF6-9622-9C2DF33B900B}.Release|Any CPU.Build.0 = Release|Any CPU
	EndGlobalSection
	GlobalSection(SolutionProperties) = preSolution
		HideSolutionNode = FALSE
	EndGlobalSection
	GlobalSection(ExtensibilityGlobals) = postSolution
		SolutionGuid = {694CFF63-CF96-487B-B4B8-7932D9BB7D92}
	EndGlobalSection
EndGlobal
